// !$*UTF8*$!
{
	archiveVersion = 1;
	classes = {
	};
	objectVersion = 50;
	objects = {

/* Begin PBXBuildFile section */
		47ADF9C9224F76FF003ADA13 /* AppDelegate.swift in Sources */ = {isa = PBXBuildFile; fileRef = 47ADF9C8224F76FF003ADA13 /* AppDelegate.swift */; };
		47ADF9CB224F7702003ADA13 /* Assets.xcassets in Resources */ = {isa = PBXBuildFile; fileRef = 47ADF9CA224F7702003ADA13 /* Assets.xcassets */; };
		47ADF9CE224F7702003ADA13 /* MainMenu.xib in Resources */ = {isa = PBXBuildFile; fileRef = 47ADF9CC224F7702003ADA13 /* MainMenu.xib */; };
		47ADF9D7224F7771003ADA13 /* PriorityQueue.swift in Sources */ = {isa = PBXBuildFile; fileRef = 47ADF9D6224F7771003ADA13 /* PriorityQueue.swift */; };
		47ADF9D9224F7800003ADA13 /* AStar.swift in Sources */ = {isa = PBXBuildFile; fileRef = 47ADF9D8224F7800003ADA13 /* AStar.swift */; };
/* End PBXBuildFile section */

/* Begin PBXFileReference section */
		47ADF9C5224F76FF003ADA13 /* Quiz 2.app */ = {isa = PBXFileReference; explicitFileType = wrapper.application; includeInIndex = 0; path = "Quiz 2.app"; sourceTree = BUILT_PRODUCTS_DIR; };
		47ADF9C8224F76FF003ADA13 /* AppDelegate.swift */ = {isa = PBXFileReference; lastKnownFileType = sourcecode.swift; path = AppDelegate.swift; sourceTree = "<group>"; };
		47ADF9CA224F7702003ADA13 /* Assets.xcassets */ = {isa = PBXFileReference; lastKnownFileType = folder.assetcatalog; path = Assets.xcassets; sourceTree = "<group>"; };
		47ADF9CD224F7702003ADA13 /* Base */ = {isa = PBXFileReference; lastKnownFileType = file.xib; name = Base; path = Base.lproj/MainMenu.xib; sourceTree = "<group>"; };
		47ADF9CF224F7702003ADA13 /* Info.plist */ = {isa = PBXFileReference; lastKnownFileType = text.plist.xml; path = Info.plist; sourceTree = "<group>"; };
		47ADF9D0224F7702003ADA13 /* Quiz_2.entitlements */ = {isa = PBXFileReference; lastKnownFileType = text.plist.entitlements; path = Quiz_2.entitlements; sourceTree = "<group>"; };
		47ADF9D6224F7771003ADA13 /* PriorityQueue.swift */ = {isa = PBXFileReference; lastKnownFileType = sourcecode.swift; path = PriorityQueue.swift; sourceTree = "<group>"; };
		47ADF9D8224F7800003ADA13 /* AStar.swift */ = {isa = PBXFileReference; lastKnownFileType = sourcecode.swift; path = AStar.swift; sourceTree = "<group>"; };
/* End PBXFileReference section */

/* Begin PBXFrameworksBuildPhase section */
		47ADF9C2224F76FF003ADA13 /* Frameworks */ = {
			isa = PBXFrameworksBuildPhase;
			buildActionMask = 2147483647;
			files = (
			);
			runOnlyForDeploymentPostprocessing = 0;
		};
/* End PBXFrameworksBuildPhase section */

/* Begin PBXGroup section */
		47ADF9BC224F76FF003ADA13 = {
			isa = PBXGroup;
			children = (
				47ADF9C7224F76FF003ADA13 /* Quiz 2 */,
				47ADF9C6224F76FF003ADA13 /* Products */,
			);
			sourceTree = "<group>";
		};
		47ADF9C6224F76FF003ADA13 /* Products */ = {
			isa = PBXGroup;
			children = (
				47ADF9C5224F76FF003ADA13 /* Quiz 2.app */,
			);
			name = Products;
			sourceTree = "<group>";
		};
		47ADF9C7224F76FF003ADA13 /* Quiz 2 */ = {
			isa = PBXGroup;
			children = (
				47ADF9C8224F76FF003ADA13 /* AppDelegate.swift */,
				47ADF9CA224F7702003ADA13 /* Assets.xcassets */,
				47ADF9CC224F7702003ADA13 /* MainMenu.xib */,
				47ADF9CF224F7702003ADA13 /* Info.plist */,
				47ADF9D0224F7702003ADA13 /* Quiz_2.entitlements */,
				47ADF9D6224F7771003ADA13 /* PriorityQueue.swift */,
				47ADF9D8224F7800003ADA13 /* AStar.swift */,
			);
			path = "Quiz 2";
			sourceTree = "<group>";
		};
/* End PBXGroup section */

/* Begin PBXNativeTarget section */
		47ADF9C4224F76FF003ADA13 /* Quiz 2 */ = {
			isa = PBXNativeTarget;
			buildConfigurationList = 47ADF9D3224F7702003ADA13 /* Build configuration list for PBXNativeTarget "Quiz 2" */;
			buildPhases = (
				47ADF9C1224F76FF003ADA13 /* Sources */,
				47ADF9C2224F76FF003ADA13 /* Frameworks */,
				47ADF9C3224F76FF003ADA13 /* Resources */,
			);
			buildRules = (
			);
			dependencies = (
			);
			name = "Quiz 2";
			productName = "Quiz 2";
			productReference = 47ADF9C5224F76FF003ADA13 /* Quiz 2.app */;
			productType = "com.apple.product-type.application";
		};
/* End PBXNativeTarget section */

/* Begin PBXProject section */
		47ADF9BD224F76FF003ADA13 /* Project object */ = {
			isa = PBXProject;
			attributes = {
				LastSwiftUpdateCheck = 1020;
				LastUpgradeCheck = 1020;
				ORGANIZATIONNAME = "Salsha Armenia Amosea";
				TargetAttributes = {
					47ADF9C4224F76FF003ADA13 = {
						CreatedOnToolsVersion = 10.2;
					};
				};
			};
			buildConfigurationList = 47ADF9C0224F76FF003ADA13 /* Build configuration list for PBXProject "Quiz 2" */;
			compatibilityVersion = "Xcode 9.3";
			developmentRegion = en;
			hasScannedForEncodings = 0;
			knownRegions = (
				en,
				Base,
			);
			mainGroup = 47ADF9BC224F76FF003ADA13;
			productRefGroup = 47ADF9C6224F76FF003ADA13 /* Products */;
			projectDirPath = "";
			projectRoot = "";
			targets = (
				47ADF9C4224F76FF003ADA13 /* Quiz 2 */,
			);
		};
/* End PBXProject section */

/* Begin PBXResourcesBuildPhase section */
		47ADF9C3224F76FF003ADA13 /* Resources */ = {
			isa = PBXResourcesBuildPhase;
			buildActionMask = 2147483647;
			files = (
				47ADF9CB224F7702003ADA13 /* Assets.xcassets in Resources */,
				47ADF9CE224F7702003ADA13 /* MainMenu.xib in Resources */,
			);
			runOnlyForDeploymentPostprocessing = 0;
		};
/* End PBXResourcesBuildPhase section */

/* Begin PBXSourcesBuildPhase section */
		47ADF9C1224F76FF003ADA13 /* Sources */ = {
			isa = PBXSourcesBuildPhase;
			buildActionMask = 2147483647;
			files = (
				47ADF9D9224F7800003ADA13 /* AStar.swift in Sources */,
				47ADF9C9224F76FF003ADA13 /* AppDelegate.swift in Sources */,
				47ADF9D7224F7771003ADA13 /* PriorityQueue.swift in Sources */,
			);
			runOnlyForDeploymentPostprocessing = 0;
		};
/* End PBXSourcesBuildPhase section */

/* Begin PBXVariantGroup section */
		47ADF9CC224F7702003ADA13 /* MainMenu.xib */ = {
			isa = PBXVariantGroup;
			children = (
				47ADF9CD224F7702003ADA13 /* Base */,
			);
			name = MainMenu.xib;
			sourceTree = "<group>";
		};
/* End PBXVariantGroup section */

/* Begin XCBuildConfiguration section */
		47ADF9D1224F7702003ADA13 /* Debug */ = {
			isa = XCBuildConfiguration;
			buildSettings = {
				ALWAYS_SEARCH_USER_PATHS = NO;
				CLANG_ANALYZER_NONNULL = YES;
				CLANG_ANALYZER_NUMBER_OBJECT_CONVERSION = YES_AGGRESSIVE;
				CLANG_CXX_LANGUAGE_STANDARD = "gnu++14";
				CLANG_CXX_LIBRARY = "libc++";
				CLANG_ENABLE_MODULES = YES;
				CLANG_ENABLE_OBJC_ARC = YES;
				CLANG_ENABLE_OBJC_WEAK = YES;
				CLANG_WARN_BLOCK_CAPTURE_AUTORELEASING = YES;
				CLANG_WARN_BOOL_CONVERSION = YES;
				CLANG_WARN_COMMA = YES;
				CLANG_WARN_CONSTANT_CONVERSION = YES;
				CLANG_WARN_DEPRECATED_OBJC_IMPLEMENTATIONS = YES;
				CLANG_WARN_DIRECT_OBJC_ISA_USAGE = YES_ERROR;
				CLANG_WARN_DOCUMENTATION_COMMENTS = YES;
				CLANG_WARN_EMPTY_BODY = YES;
				CLANG_WARN_ENUM_CONVERSION = YES;
				CLANG_WARN_INFINITE_RECURSION = YES;
				CLANG_WARN_INT_CONVERSION = YES;
				CLANG_WARN_NON_LITERAL_NULL_CONVERSION = YES;
				CLANG_WARN_OBJC_IMPLICIT_RETAIN_SELF = YES;
				CLANG_WARN_OBJC_LITERAL_CONVERSION = YES;
				CLANG_WARN_OBJC_ROOT_CLASS = YES_ERROR;
				CLANG_WARN_RANGE_LOOP_ANALYSIS = YES;
				CLANG_WARN_STRICT_PROTOTYPES = YES;
				CLANG_WARN_SUSPICIOUS_MOVE = YES;
				CLANG_WARN_UNGUARDED_AVAILABILITY = YES_AGGRESSIVE;
				CLANG_WARN_UNREACHABLE_CODE = YES;
				CLANG_WARN__DUPLICATE_METHOD_MATCH = YES;
				CODE_SIGN_IDENTITY = "Mac Developer";
				COPY_PHASE_STRIP = NO;
				DEBUG_INFORMATION_FORMAT = dwarf;
				ENABLE_STRICT_OBJC_MSGSEND = YES;
				ENABLE_TESTABILITY = YES;
				GCC_C_LANGUAGE_STANDARD = gnu11;
				GCC_DYNAMIC_NO_PIC = NO;
				GCC_NO_COMMON_BLOCKS = YES;
				GCC_OPTIMIZATION_LEVEL = 0;
				GCC_PREPROCESSOR_DEFINITIONS = (
					"DEBUG=1",
					"$(inherited)",
				);
				GCC_WARN_64_TO_32_BIT_CONVERSION = YES;
				GCC_WARN_ABOUT_RETURN_TYPE = YES_ERROR;
				GCC_WARN_UNDECLARED_SELECTOR = YES;
				GCC_WARN_UNINITIALIZED_AUTOS = YES_AGGRESSIVE;
				GCC_WARN_UNUSED_FUNCTION = YES;
				GCC_WARN_UNUSED_VARIABLE = YES;
				MACOSX_DEPLOYMENT_TARGET = 10.14;
				MTL_ENABLE_DEBUG_INFO = INCLUDE_SOURCE;
				MTL_FAST_MATH = YES;
				ONLY_ACTIVE_ARCH = YES;
				SDKROOT = macosx;
				SWIFT_ACTIVE_COMPILATION_CONDITIONS = DEBUG;
				SWIFT_OPTIMIZATION_LEVEL = "-Onone";
			};
			name = Debug;
		};
		47ADF9D2224F7702003ADA13 /* Release */ = {
			isa = XCBuildConfiguration;
			buildSettings = {
				ALWAYS_SEARCH_USER_PATHS = NO;
				CLANG_ANALYZER_NONNULL = YES;
				CLANG_ANALYZER_NUMBER_OBJECT_CONVERSION = YES_AGGRESSIVE;
				CLANG_CXX_LANGUAGE_STANDARD = "gnu++14";
				CLANG_CXX_LIBRARY = "libc++";
				CLANG_ENABLE_MODULES = YES;
				CLANG_ENABLE_OBJC_ARC = YES;
				CLANG_ENABLE_OBJC_WEAK = YES;
				CLANG_WARN_BLOCK_CAPTURE_AUTORELEASING = YES;
				CLANG_WARN_BOOL_CONVERSION = YES;
				CLANG_WARN_COMMA = YES;
				CLANG_WARN_CONSTANT_CONVERSION = YES;
				CLANG_WARN_DEPRECATED_OBJC_IMPLEMENTATIONS = YES;
				CLANG_WARN_DIRECT_OBJC_ISA_USAGE = YES_ERROR;
				CLANG_WARN_DOCUMENTATION_COMMENTS = YES;
				CLANG_WARN_EMPTY_BODY = YES;
				CLANG_WARN_ENUM_CONVERSION = YES;
				CLANG_WARN_INFINITE_RECURSION = YES;
				CLANG_WARN_INT_CONVERSION = YES;
				CLANG_WARN_NON_LITERAL_NULL_CONVERSION = YES;
				CLANG_WARN_OBJC_IMPLICIT_RETAIN_SELF = YES;
				CLANG_WARN_OBJC_LITERAL_CONVERSION = YES;
				CLANG_WARN_OBJC_ROOT_CLASS = YES_ERROR;
				CLANG_WARN_RANGE_LOOP_ANALYSIS = YES;
				CLANG_WARN_STRICT_PROTOTYPES = YES;
				CLANG_WARN_SUSPICIOUS_MOVE = YES;
				CLANG_WARN_UNGUARDED_AVAILABILITY = YES_AGGRESSIVE;
				CLANG_WARN_UNREACHABLE_CODE = YES;
				CLANG_WARN__DUPLICATE_METHOD_MATCH = YES;
				CODE_SIGN_IDENTITY = "Mac Developer";
				COPY_PHASE_STRIP = NO;
				DEBUG_INFORMATION_FORMAT = "dwarf-with-dsym";
				ENABLE_NS_ASSERTIONS = NO;
				ENABLE_STRICT_OBJC_MSGSEND = YES;
				GCC_C_LANGUAGE_STANDARD = gnu11;
				GCC_NO_COMMON_BLOCKS = YES;
				GCC_WARN_64_TO_32_BIT_CONVERSION = YES;
				GCC_WARN_ABOUT_RETURN_TYPE = YES_ERROR;
				GCC_WARN_UNDECLARED_SELECTOR = YES;
				GCC_WARN_UNINITIALIZED_AUTOS = YES_AGGRESSIVE;
				GCC_WARN_UNUSED_FUNCTION = YES;
				GCC_WARN_UNUSED_VARIABLE = YES;
				MACOSX_DEPLOYMENT_TARGET = 10.14;
				MTL_ENABLE_DEBUG_INFO = NO;
				MTL_FAST_MATH = YES;
				SDKROOT = macosx;
				SWIFT_COMPILATION_MODE = wholemodule;
				SWIFT_OPTIMIZATION_LEVEL = "-O";
			};
			name = Release;
		};
		47ADF9D4224F7702003ADA13 /* Debug */ = {
			isa = XCBuildConfiguration;
			buildSettings = {
				ASSETCATALOG_COMPILER_APPICON_NAME = AppIcon;
				CODE_SIGN_ENTITLEMENTS = "Quiz 2/Quiz_2.entitlements";
				CODE_SIGN_STYLE = Automatic;
				COMBINE_HIDPI_IMAGES = YES;
				DEVELOPMENT_TEAM = 363N5G7W54;
				INFOPLIST_FILE = "Quiz 2/Info.plist";
				LD_RUNPATH_SEARCH_PATHS = (
					"$(inherited)",
					"@executable_path/../Frameworks",
				);
				PRODUCT_BUNDLE_IDENTIFIER = "adnan.salsha.Quiz-2";
				PRODUCT_NAME = "$(TARGET_NAME)";
				SWIFT_VERSION = 5.0;
			};
			name = Debug;
		};
		47ADF9D5224F7702003ADA13 /* Release */ = {
			isa = XCBuildConfiguration;
			buildSettings = {
				ASSETCATALOG_COMPILER_APPICON_NAME = AppIcon;
				CODE_SIGN_ENTITLEMENTS = "Quiz 2/Quiz_2.entitlements";
				CODE_SIGN_STYLE = Automatic;
				COMBINE_HIDPI_IMAGES = YES;
				DEVELOPMENT_TEAM = 363N5G7W54;
				INFOPLIST_FILE = "Quiz 2/Info.plist";
				LD_RUNPATH_SEARCH_PATHS = (
					"$(inherited)",
					"@executable_path/../Frameworks",
				);
				PRODUCT_BUNDLE_IDENTIFIER = "adnan.salsha.Quiz-2";
				PRODUCT_NAME = "$(TARGET_NAME)";
				SWIFT_VERSION = 5.0;
			};
			name = Release;
		};
/* End XCBuildConfiguration section */

/* Begin XCConfigurationList section */
		47ADF9C0224F76FF003ADA13 /* Build configuration list for PBXProject "Quiz 2" */ = {
			isa = XCConfigurationList;
			buildConfigurations = (
				47ADF9D1224F7702003ADA13 /* Debug */,
				47ADF9D2224F7702003ADA13 /* Release */,
			);
			defaultConfigurationIsVisible = 0;
			defaultConfigurationName = Release;
		};
		47ADF9D3224F7702003ADA13 /* Build configuration list for PBXNativeTarget "Quiz 2" */ = {
			isa = XCConfigurationList;
			buildConfigurations = (
				47ADF9D4224F7702003ADA13 /* Debug */,
				47ADF9D5224F7702003ADA13 /* Release */,
			);
			defaultConfigurationIsVisible = 0;
			defaultConfigurationName = Release;
		};
/* End XCConfigurationList section */
	};
	rootObject = 47ADF9BD224F76FF003ADA13 /* Project object */;
}
